
Microsoft Visual Studio Solution File, Format Version 12.00
# Visual Studio 2012
Project("{FAE04EC0-301F-11D3-BF4B-00C04F79EFBC}") = "Kieudulieu", "Kieudulieu\Kieudulieu.csproj", "{84FB1742-6D76-4262-91AA-8B4A66018186}"
EndProject
Global
	GlobalSection(SolutionConfigurationPlatforms) = preSolution
		Debug|Any CPU = Debug|Any CPU
		Release|Any CPU = Release|Any CPU
	EndGlobalSection
	GlobalSection(ProjectConfigurationPlatforms) = postSolution
		{84FB1742-6D76-4262-91AA-8B4A66018186}.Debug|Any CPU.ActiveCfg = Debug|Any CPU
		{84FB1742-6D76-4262-91AA-8B4A66018186}.Debug|Any CPU.Build.0 = Debug|Any CPU
		{84FB1742-6D76-4262-91AA-8B4A66018186}.Release|Any CPU.ActiveCfg = Release|Any CPU
		{84FB1742-6D76-4262-91AA-8B4A66018186}.Release|Any CPU.Build.0 = Release|Any CPU
	EndGlobalSection
	GlobalSection(SolutionProperties) = preSolution
		HideSolutionNode = FALSE
	EndGlobalSection
EndGlobal
